
Microsoft Visual Studio Solution File, Format Version 12.00
# Visual Studio Version 17
VisualStudioVersion = 17.14.36623.8 d17.14
MinimumVisualStudioVersion = 10.0.40219.1
Project("{FAE04EC0-301F-11D3-BF4B-00C04F79EFBC}") = "PrimeiroApp", "PrimeiroApp\PrimeiroApp.csproj", "{A8AC52ED-40CE-4D3D-95B6-1DEC103C7302}"
EndProject
Global
	GlobalSection(SolutionConfigurationPlatforms) = preSolution
		Debug|Any CPU = Debug|Any CPU
		Release|Any CPU = Release|Any CPU
	EndGlobalSection
	GlobalSection(ProjectConfigurationPlatforms) = postSolution
		{A8AC52ED-40CE-4D3D-95B6-1DEC103C7302}.Debug|Any CPU.ActiveCfg = Debug|Any CPU
		{A8AC52ED-40CE-4D3D-95B6-1DEC103C7302}.Debug|Any CPU.Build.0 = Debug|Any CPU
		{A8AC52ED-40CE-4D3D-95B6-1DEC103C7302}.Release|Any CPU.ActiveCfg = Release|Any CPU
		{A8AC52ED-40CE-4D3D-95B6-1DEC103C7302}.Release|Any CPU.Build.0 = Release|Any CPU
	EndGlobalSection
	GlobalSection(SolutionProperties) = preSolution
		HideSolutionNode = FALSE
	EndGlobalSection
	GlobalSection(ExtensibilityGlobals) = postSolution
		SolutionGuid = {50A176E5-D58E-477D-AAD3-E2990B8E440D}
	EndGlobalSection
EndGlobal
